
Microsoft Visual Studio Solution File, Format Version 12.00
# Visual Studio Version 16
VisualStudioVersion = 16.0.31025.194
MinimumVisualStudioVersion = 10.0.40219.1
Project("{FAE04EC0-301F-11D3-BF4B-00C04F79EFBC}") = "SistemaAsistencias", "SistemaAsistencias.csproj", "{555FD0D2-8BE9-40EF-8731-464EBB851E50}"
EndProject
Global
	GlobalSection(SolutionConfigurationPlatforms) = preSolution
		Debug|Any CPU = Debug|Any CPU
		Release|Any CPU = Release|Any CPU
	EndGlobalSection
	GlobalSection(ProjectConfigurationPlatforms) = postSolution
		{555FD0D2-8BE9-40EF-8731-464EBB851E50}.Debug|Any CPU.ActiveCfg = Debug|Any CPU
		{555FD0D2-8BE9-40EF-8731-464EBB851E50}.Debug|Any CPU.Build.0 = Debug|Any CPU
		{555FD0D2-8BE9-40EF-8731-464EBB851E50}.Release|Any CPU.ActiveCfg = Release|Any CPU
		{555FD0D2-8BE9-40EF-8731-464EBB851E50}.Release|Any CPU.Build.0 = Release|Any CPU
	EndGlobalSection
	GlobalSection(SolutionProperties) = preSolution
		HideSolutionNode = FALSE
	EndGlobalSection
	GlobalSection(ExtensibilityGlobals) = postSolution
		SolutionGuid = {360F6960-AC89-4132-9D66-ADDFC29CBEC0}
	EndGlobalSection
EndGlobal
